# This file is automatically @generated by Poetry 2.2.1 and should not be changed by hand.

[[package]]
name = "amulet-leveldb"
version = "1.0.7"
description = "A Cython wrapper for Mojang's custom LevelDB."
optional = false
python-versions = "~=3.8"
groups = ["main"]
files = [
    {file = "amulet_leveldb-1.0.7-cp311-cp311-macosx_10_9_universal2.whl", hash = "sha256:ad7443e73cb860ce248d953972dd4c1652ffbdc14750f681b4d3f67d49550ef8"},
    {file = "amulet_leveldb-1.0.7-cp311-cp311-win_amd64.whl", hash = "sha256:58f05206212ba65fd435f8bd6edc20741417a795ff5efb750c9a17eda7ca6320"},
    {file = "amulet_leveldb-1.0.7-cp311-cp311-win_arm64.whl", hash = "sha256:d10ae3c16329d6580ece63269cbf4cf1d137ae219115cdabe6de99b68ae365e1"},
    {file = "amulet_leveldb-1.0.7-cp312-cp312-macosx_10_13_universal2.whl", hash = "sha256:5711c277b25660754117a217aa232c2a6df5c20d2653f4870fe45eeb0538cf76"},
    {file = "amulet_leveldb-1.0.7-cp312-cp312-win_amd64.whl", hash = "sha256:3dd3ff2097808e69c973c701f33c6d9f520b310ee58c17de82ecc26122c9faca"},
    {file = "amulet_leveldb-1.0.7-cp312-cp312-win_arm64.whl", hash = "sha256:bc523992c4278d40b4a0973b8f223602981de15a0d1583501b1ee5273b78de72"},
    {file = "amulet_leveldb-1.0.7.tar.gz", hash = "sha256:efa2361225f4092016b6250c84b62f6220d89a6f2c78db94cd7ae798866e7d3e"},
]

[package.extras]
dev = ["black (>=22.3)", "cython (>=3.0,<4.0)", "mypy", "pre_commit (>=1.11.1)"]
docs = ["Sphinx (>=1.7.4)", "sphinx-autodoc-typehints (>=1.3.0)", "sphinx_rtd_theme (>=0.3.1)"]

[metadata]
lock-version = "2.1"
python-versions = ">=3.12,<4.0"
content-hash = "525c5d23f8fcfae21d6ae2988809fe3e90fb86031a72c7effa2148b594692deb"
